{
  "originHash" : "78f0fdbcc0d18e4399172adf35201578abdffb50ec4acb416a7283ee827d4f86",
  "pins" : [
    {
      "identity" : "swift-custom-dump",
      "kind" : "remoteSourceControl",
      "location" : "https://github.com/pointfreeco/swift-custom-dump",
      "state" : {
        "revision" : "a8cd6c976f335ed361dcecddb0dc39ebda51bc3e",
        "version" : "1.6.1"
      }
    },
    {
      "identity" : "swift-snapshot-testing",
      "kind" : "remoteSourceControl",
      "location" : "https://github.com/pointfreeco/swift-snapshot-testing",
      "state" : {
        "revision" : "05b6f05b55ff9e2dcdcc21ac78c6ba81ea624791",
        "version" : "1.19.1"
      }
    },
    {
      "identity" : "swift-snapshot-testing-macros",
      "kind" : "remoteSourceControl",
      "location" : "https://github.com/adammcarter/swift-snapshot-testing-macros",
      "state" : {
        "branch" : "snapshot-helpers-wip",
        "revision" : "dac0b8aab83c5dab0da5cada579f6c28a6ae85f1"
      }
    },
    {
      "identity" : "swift-syntax",
      "kind" : "remoteSourceControl",
      "location" : "https://github.com/swiftlang/swift-syntax",
      "state" : {
        "revision" : "4799286537280063c85a32f09884cfbca301b1a1",
        "version" : "602.0.0"
      }
    },
    {
      "identity" : "xctest-dynamic-overlay",
      "kind" : "remoteSourceControl",
      "location" : "https://github.com/pointfreeco/xctest-dynamic-overlay",
      "state" : {
        "revision" : "8f6abcf4c8950e2679d5b2fee4ca284fd7c34886",
        "version" : "1.11.0"
      }
    }
  ],
  "version" : 3
}
